
Microsoft Visual Studio Solution File, Format Version 12.00
# Visual Studio Version 16
VisualStudioVersion = 16.0.31911.196
MinimumVisualStudioVersion = 10.0.40219.1
Project("{FAE04EC0-301F-11D3-BF4B-00C04F79EFBC}") = "HomoworkCSarp1", "HomoworkCSarp1\HomoworkCSarp1.csproj", "{EF1DEFE3-9B56-440F-B5DA-9DC955C73FD0}"
EndProject
Global
	GlobalSection(SolutionConfigurationPlatforms) = preSolution
		Debug|Any CPU = Debug|Any CPU
		Release|Any CPU = Release|Any CPU
	EndGlobalSection
	GlobalSection(ProjectConfigurationPlatforms) = postSolution
		{EF1DEFE3-9B56-440F-B5DA-9DC955C73FD0}.Debug|Any CPU.ActiveCfg = Debug|Any CPU
		{EF1DEFE3-9B56-440F-B5DA-9DC955C73FD0}.Debug|Any CPU.Build.0 = Debug|Any CPU
		{EF1DEFE3-9B56-440F-B5DA-9DC955C73FD0}.Release|Any CPU.ActiveCfg = Release|Any CPU
		{EF1DEFE3-9B56-440F-B5DA-9DC955C73FD0}.Release|Any CPU.Build.0 = Release|Any CPU
	EndGlobalSection
	GlobalSection(SolutionProperties) = preSolution
		HideSolutionNode = FALSE
	EndGlobalSection
	GlobalSection(ExtensibilityGlobals) = postSolution
		SolutionGuid = {3ABE074C-D400-479B-A746-F1E494DE5EE0}
	EndGlobalSection
EndGlobal
